
Microsoft Visual Studio Solution File, Format Version 12.00
# Visual Studio 15
VisualStudioVersion = 15.0.27004.2009
MinimumVisualStudioVersion = 10.0.40219.1
Project("{FAE04EC0-301F-11D3-BF4B-00C04F79EFBC}") = "UnitTest", "UnitTest\UnitTest.csproj", "{AC1F547F-E1F4-439D-B5AF-1D8B3957B18B}"
EndProject
Project("{FAE04EC0-301F-11D3-BF4B-00C04F79EFBC}") = "LeadAPI", "LeadAPI\LeadAPI.csproj", "{7AC49980-4E18-4BA4-BEAD-6CAE6BE49200}"
EndProject
Global
	GlobalSection(SolutionConfigurationPlatforms) = preSolution
		Debug|Any CPU = Debug|Any CPU
		Release|Any CPU = Release|Any CPU
	EndGlobalSection
	GlobalSection(ProjectConfigurationPlatforms) = postSolution
		{AC1F547F-E1F4-439D-B5AF-1D8B3957B18B}.Debug|Any CPU.ActiveCfg = Debug|Any CPU
		{AC1F547F-E1F4-439D-B5AF-1D8B3957B18B}.Debug|Any CPU.Build.0 = Debug|Any CPU
		{AC1F547F-E1F4-439D-B5AF-1D8B3957B18B}.Release|Any CPU.ActiveCfg = Release|Any CPU
		{AC1F547F-E1F4-439D-B5AF-1D8B3957B18B}.Release|Any CPU.Build.0 = Release|Any CPU
		{7AC49980-4E18-4BA4-BEAD-6CAE6BE49200}.Debug|Any CPU.ActiveCfg = Debug|Any CPU
		{7AC49980-4E18-4BA4-BEAD-6CAE6BE49200}.Debug|Any CPU.Build.0 = Debug|Any CPU
		{7AC49980-4E18-4BA4-BEAD-6CAE6BE49200}.Release|Any CPU.ActiveCfg = Release|Any CPU
		{7AC49980-4E18-4BA4-BEAD-6CAE6BE49200}.Release|Any CPU.Build.0 = Release|Any CPU
	EndGlobalSection
	GlobalSection(SolutionProperties) = preSolution
		HideSolutionNode = FALSE
	EndGlobalSection
	GlobalSection(ExtensibilityGlobals) = postSolution
		SolutionGuid = {9ABE11C2-28EC-4D90-AFF5-52D1771E0C68}
	EndGlobalSection
EndGlobal
